
Microsoft Visual Studio Solution File, Format Version 12.00
# Visual Studio 15
Project("{FAE04EC0-301F-11D3-BF4B-00C04F79EFBC}") = "Assembly-CSharp", "Assembly-CSharp.csproj", "{9CF6D8B2-15D4-48F4-3419-3ED3E9709593}"
EndProject
Project("{FAE04EC0-301F-11D3-BF4B-00C04F79EFBC}") = "Assembly-CSharp-Editor", "Assembly-CSharp-Editor.csproj", "{6D72CD21-2B41-799D-41E1-52C5A6862603}"
EndProject
Global
	GlobalSection(SolutionConfigurationPlatforms) = preSolution
		Debug|Any CPU = Debug|Any CPU
		Release|Any CPU = Release|Any CPU
	EndGlobalSection
	GlobalSection(ProjectConfigurationPlatforms) = postSolution
		{9CF6D8B2-15D4-48F4-3419-3ED3E9709593}.Debug|Any CPU.ActiveCfg = Debug|Any CPU
		{9CF6D8B2-15D4-48F4-3419-3ED3E9709593}.Debug|Any CPU.Build.0 = Debug|Any CPU
		{9CF6D8B2-15D4-48F4-3419-3ED3E9709593}.Release|Any CPU.ActiveCfg = Release|Any CPU
		{9CF6D8B2-15D4-48F4-3419-3ED3E9709593}.Release|Any CPU.Build.0 = Release|Any CPU
		{6D72CD21-2B41-799D-41E1-52C5A6862603}.Debug|Any CPU.ActiveCfg = Debug|Any CPU
		{6D72CD21-2B41-799D-41E1-52C5A6862603}.Debug|Any CPU.Build.0 = Debug|Any CPU
		{6D72CD21-2B41-799D-41E1-52C5A6862603}.Release|Any CPU.ActiveCfg = Release|Any CPU
		{6D72CD21-2B41-799D-41E1-52C5A6862603}.Release|Any CPU.Build.0 = Release|Any CPU
	EndGlobalSection
	GlobalSection(SolutionProperties) = preSolution
		HideSolutionNode = FALSE
	EndGlobalSection
EndGlobal
